
Microsoft Visual Studio Solution File, Format Version 12.00
# Visual Studio Version 17
VisualStudioVersion = 17.6.33513.286
MinimumVisualStudioVersion = 10.0.40219.1
Project("{9A19103F-16F7-4668-BE54-9A1E7A4F7556}") = "Battle Inventory", "Battle Inventory.csproj", "{1B0F021F-3C17-4D3D-8EA2-FECAF86FF0A1}"
EndProject
Global
	GlobalSection(SolutionConfigurationPlatforms) = preSolution
		Beta_Debug|x64 = Beta_Debug|x64
		Beta_Release|x64 = Beta_Release|x64
		Debug|x64 = Debug|x64
		Release|x64 = Release|x64
		Stable_Debug|x64 = Stable_Debug|x64
		Stable_Release|x64 = Stable_Release|x64
	EndGlobalSection
	GlobalSection(ProjectConfigurationPlatforms) = postSolution
		{1B0F021F-3C17-4D3D-8EA2-FECAF86FF0A1}.Beta_Debug|x64.ActiveCfg = Beta_Debug|x64
		{1B0F021F-3C17-4D3D-8EA2-FECAF86FF0A1}.Beta_Debug|x64.Build.0 = Beta_Debug|x64
		{1B0F021F-3C17-4D3D-8EA2-FECAF86FF0A1}.Beta_Release|x64.ActiveCfg = Beta_Release|x64
		{1B0F021F-3C17-4D3D-8EA2-FECAF86FF0A1}.Beta_Release|x64.Build.0 = Beta_Release|x64
		{1B0F021F-3C17-4D3D-8EA2-FECAF86FF0A1}.Debug|x64.ActiveCfg = Debug|x64
		{1B0F021F-3C17-4D3D-8EA2-FECAF86FF0A1}.Debug|x64.Build.0 = Debug|x64
		{1B0F021F-3C17-4D3D-8EA2-FECAF86FF0A1}.Release|x64.ActiveCfg = Release|x64
		{1B0F021F-3C17-4D3D-8EA2-FECAF86FF0A1}.Release|x64.Build.0 = Release|x64
		{1B0F021F-3C17-4D3D-8EA2-FECAF86FF0A1}.Stable_Debug|x64.ActiveCfg = Stable_Debug|x64
		{1B0F021F-3C17-4D3D-8EA2-FECAF86FF0A1}.Stable_Debug|x64.Build.0 = Stable_Debug|x64
		{1B0F021F-3C17-4D3D-8EA2-FECAF86FF0A1}.Stable_Release|x64.ActiveCfg = Stable_Release|x64
		{1B0F021F-3C17-4D3D-8EA2-FECAF86FF0A1}.Stable_Release|x64.Build.0 = Stable_Release|x64
	EndGlobalSection
	GlobalSection(SolutionProperties) = preSolution
		HideSolutionNode = FALSE
	EndGlobalSection
	GlobalSection(ExtensibilityGlobals) = postSolution
		SolutionGuid = {522227B9-2620-4254-835B-4D5E7B620C15}
	EndGlobalSection
EndGlobal
